
Microsoft Visual Studio Solution File, Format Version 11.00
# Visual Studio 2010
Project("{FAE04EC0-301F-11D3-BF4B-00C04F79EFBC}") = "ExamenWeb", "ExamenWeb\ExamenWeb.csproj", "{8DEBE764-7B27-4581-B97F-743D76199584}"
EndProject
Project("{FAE04EC0-301F-11D3-BF4B-00C04F79EFBC}") = "PreguntasLibrary", "PreguntasLibrary\PreguntasLibrary.csproj", "{8361622E-87C2-4F6B-8B75-2F3B0E16723B}"
EndProject
Global
	GlobalSection(SolutionConfigurationPlatforms) = preSolution
		Debug|Any CPU = Debug|Any CPU
		Release|Any CPU = Release|Any CPU
	EndGlobalSection
	GlobalSection(ProjectConfigurationPlatforms) = postSolution
		{8DEBE764-7B27-4581-B97F-743D76199584}.Debug|Any CPU.ActiveCfg = Debug|Any CPU
		{8DEBE764-7B27-4581-B97F-743D76199584}.Debug|Any CPU.Build.0 = Debug|Any CPU
		{8DEBE764-7B27-4581-B97F-743D76199584}.Release|Any CPU.ActiveCfg = Release|Any CPU
		{8DEBE764-7B27-4581-B97F-743D76199584}.Release|Any CPU.Build.0 = Release|Any CPU
		{8361622E-87C2-4F6B-8B75-2F3B0E16723B}.Debug|Any CPU.ActiveCfg = Debug|Any CPU
		{8361622E-87C2-4F6B-8B75-2F3B0E16723B}.Debug|Any CPU.Build.0 = Debug|Any CPU
		{8361622E-87C2-4F6B-8B75-2F3B0E16723B}.Release|Any CPU.ActiveCfg = Release|Any CPU
		{8361622E-87C2-4F6B-8B75-2F3B0E16723B}.Release|Any CPU.Build.0 = Release|Any CPU
	EndGlobalSection
	GlobalSection(SolutionProperties) = preSolution
		HideSolutionNode = FALSE
	EndGlobalSection
EndGlobal
